
Microsoft Visual Studio Solution File, Format Version 12.00
# Visual Studio Version 16
VisualStudioVersion = 16.0.30611.23
MinimumVisualStudioVersion = 10.0.40219.1
Project("{FAE04EC0-301F-11D3-BF4B-00C04F79EFBC}") = "StreamBooster", "StreamBooster.csproj", "{83E91842-C3B5-4DF7-935A-42D120BA8B9B}"
EndProject
Global
	GlobalSection(SolutionConfigurationPlatforms) = preSolution
		Debug|Any CPU = Debug|Any CPU
		Release|Any CPU = Release|Any CPU
	EndGlobalSection
	GlobalSection(ProjectConfigurationPlatforms) = postSolution
		{83E91842-C3B5-4DF7-935A-42D120BA8B9B}.Debug|Any CPU.ActiveCfg = Debug|Any CPU
		{83E91842-C3B5-4DF7-935A-42D120BA8B9B}.Debug|Any CPU.Build.0 = Debug|Any CPU
		{83E91842-C3B5-4DF7-935A-42D120BA8B9B}.Release|Any CPU.ActiveCfg = Release|Any CPU
		{83E91842-C3B5-4DF7-935A-42D120BA8B9B}.Release|Any CPU.Build.0 = Release|Any CPU
	EndGlobalSection
	GlobalSection(SolutionProperties) = preSolution
		HideSolutionNode = FALSE
	EndGlobalSection
	GlobalSection(ExtensibilityGlobals) = postSolution
		SolutionGuid = {93FBE851-F5DB-48B8-9D8E-9978E8B92535}
	EndGlobalSection
EndGlobal
